
Microsoft Visual Studio Solution File, Format Version 12.00
# Visual Studio Version 17
VisualStudioVersion = 17.14.36518.9 d17.14
MinimumVisualStudioVersion = 10.0.40219.1
Project("{FAE04EC0-301F-11D3-BF4B-00C04F79EFBC}") = "SmartHomeSystem", "SmartHomeSystem\SmartHomeSystem.csproj", "{FCAB1E19-B0F8-41C0-89BC-7E2E7DA1B5F7}"
EndProject
Project("{FAE04EC0-301F-11D3-BF4B-00C04F79EFBC}") = "SmartHomeSystem.Tests", "SmartHomeSystem.Tests\SmartHomeSystem.Tests.csproj", "{3A097890-7B93-87C2-4961-352B028AC669}"
EndProject
Global
	GlobalSection(SolutionConfigurationPlatforms) = preSolution
		Debug|Any CPU = Debug|Any CPU
		Release|Any CPU = Release|Any CPU
	EndGlobalSection
	GlobalSection(ProjectConfigurationPlatforms) = postSolution
		{FCAB1E19-B0F8-41C0-89BC-7E2E7DA1B5F7}.Debug|Any CPU.ActiveCfg = Debug|Any CPU
		{FCAB1E19-B0F8-41C0-89BC-7E2E7DA1B5F7}.Debug|Any CPU.Build.0 = Debug|Any CPU
		{FCAB1E19-B0F8-41C0-89BC-7E2E7DA1B5F7}.Release|Any CPU.ActiveCfg = Release|Any CPU
		{FCAB1E19-B0F8-41C0-89BC-7E2E7DA1B5F7}.Release|Any CPU.Build.0 = Release|Any CPU
		{3A097890-7B93-87C2-4961-352B028AC669}.Debug|Any CPU.ActiveCfg = Debug|Any CPU
		{3A097890-7B93-87C2-4961-352B028AC669}.Debug|Any CPU.Build.0 = Debug|Any CPU
		{3A097890-7B93-87C2-4961-352B028AC669}.Release|Any CPU.ActiveCfg = Release|Any CPU
		{3A097890-7B93-87C2-4961-352B028AC669}.Release|Any CPU.Build.0 = Release|Any CPU
	EndGlobalSection
	GlobalSection(SolutionProperties) = preSolution
		HideSolutionNode = FALSE
	EndGlobalSection
	GlobalSection(ExtensibilityGlobals) = postSolution
		SolutionGuid = {B2227A6D-1522-4528-B47F-6D98C2940D85}
	EndGlobalSection
EndGlobal
