
Microsoft Visual Studio Solution File, Format Version 12.00
# Visual Studio Version 17
VisualStudioVersion = 17.14.36429.23
MinimumVisualStudioVersion = 10.0.40219.1
Project("{FAE04EC0-301F-11D3-BF4B-00C04F79EFBC}") = "Task2", "Task2\Task2.csproj", "{E835C490-1816-4A16-BBC8-3744690476BB}"
EndProject
Project("{FAE04EC0-301F-11D3-BF4B-00C04F79EFBC}") = "Task3", "Task3\Task3.csproj", "{1DB75A70-6BA3-4CD7-B8E9-13DADEAD5039}"
EndProject
Project("{FAE04EC0-301F-11D3-BF4B-00C04F79EFBC}") = "Task4", "Task4\Task4.csproj", "{D36DAE86-BB50-4225-9722-2C7D2BC17FB8}"
EndProject
Project("{FAE04EC0-301F-11D3-BF4B-00C04F79EFBC}") = "Task5", "Task5\Task5.csproj", "{4C9FD06B-006E-47E4-910A-D41062BB7AEE}"
EndProject
Project("{FAE04EC0-301F-11D3-BF4B-00C04F79EFBC}") = "Task1", "Task1\Task1.csproj", "{898CF964-2823-4441-A8FA-09AB3A55287B}"
EndProject
Project("{FAE04EC0-301F-11D3-BF4B-00C04F79EFBC}") = "Practical1Test", "Practical1Test\Practical1Test.csproj", "{5E15263E-C9F9-87E6-B3BD-5E716FC1CDEF}"
EndProject
Global
	GlobalSection(SolutionConfigurationPlatforms) = preSolution
		Debug|Any CPU = Debug|Any CPU
		Release|Any CPU = Release|Any CPU
	EndGlobalSection
	GlobalSection(ProjectConfigurationPlatforms) = postSolution
		{E835C490-1816-4A16-BBC8-3744690476BB}.Debug|Any CPU.ActiveCfg = Debug|Any CPU
		{E835C490-1816-4A16-BBC8-3744690476BB}.Debug|Any CPU.Build.0 = Debug|Any CPU
		{E835C490-1816-4A16-BBC8-3744690476BB}.Release|Any CPU.ActiveCfg = Release|Any CPU
		{E835C490-1816-4A16-BBC8-3744690476BB}.Release|Any CPU.Build.0 = Release|Any CPU
		{1DB75A70-6BA3-4CD7-B8E9-13DADEAD5039}.Debug|Any CPU.ActiveCfg = Debug|Any CPU
		{1DB75A70-6BA3-4CD7-B8E9-13DADEAD5039}.Debug|Any CPU.Build.0 = Debug|Any CPU
		{1DB75A70-6BA3-4CD7-B8E9-13DADEAD5039}.Release|Any CPU.ActiveCfg = Release|Any CPU
		{1DB75A70-6BA3-4CD7-B8E9-13DADEAD5039}.Release|Any CPU.Build.0 = Release|Any CPU
		{D36DAE86-BB50-4225-9722-2C7D2BC17FB8}.Debug|Any CPU.ActiveCfg = Debug|Any CPU
		{D36DAE86-BB50-4225-9722-2C7D2BC17FB8}.Debug|Any CPU.Build.0 = Debug|Any CPU
		{D36DAE86-BB50-4225-9722-2C7D2BC17FB8}.Release|Any CPU.ActiveCfg = Release|Any CPU
		{D36DAE86-BB50-4225-9722-2C7D2BC17FB8}.Release|Any CPU.Build.0 = Release|Any CPU
		{4C9FD06B-006E-47E4-910A-D41062BB7AEE}.Debug|Any CPU.ActiveCfg = Debug|Any CPU
		{4C9FD06B-006E-47E4-910A-D41062BB7AEE}.Debug|Any CPU.Build.0 = Debug|Any CPU
		{4C9FD06B-006E-47E4-910A-D41062BB7AEE}.Release|Any CPU.ActiveCfg = Release|Any CPU
		{4C9FD06B-006E-47E4-910A-D41062BB7AEE}.Release|Any CPU.Build.0 = Release|Any CPU
		{898CF964-2823-4441-A8FA-09AB3A55287B}.Debug|Any CPU.ActiveCfg = Debug|Any CPU
		{898CF964-2823-4441-A8FA-09AB3A55287B}.Debug|Any CPU.Build.0 = Debug|Any CPU
		{898CF964-2823-4441-A8FA-09AB3A55287B}.Release|Any CPU.ActiveCfg = Release|Any CPU
		{898CF964-2823-4441-A8FA-09AB3A55287B}.Release|Any CPU.Build.0 = Release|Any CPU
		{5E15263E-C9F9-87E6-B3BD-5E716FC1CDEF}.Debug|Any CPU.ActiveCfg = Debug|Any CPU
		{5E15263E-C9F9-87E6-B3BD-5E716FC1CDEF}.Debug|Any CPU.Build.0 = Debug|Any CPU
		{5E15263E-C9F9-87E6-B3BD-5E716FC1CDEF}.Release|Any CPU.ActiveCfg = Release|Any CPU
		{5E15263E-C9F9-87E6-B3BD-5E716FC1CDEF}.Release|Any CPU.Build.0 = Release|Any CPU
	EndGlobalSection
	GlobalSection(SolutionProperties) = preSolution
		HideSolutionNode = FALSE
	EndGlobalSection
	GlobalSection(ExtensibilityGlobals) = postSolution
		SolutionGuid = {DD2A82B0-9E8F-4600-A4AC-617921593C1F}
	EndGlobalSection
EndGlobal
